
Microsoft Visual Studio Solution File, Format Version 12.00
# Visual Studio Version 17
VisualStudioVersion = 17.14.36414.22
MinimumVisualStudioVersion = 10.0.40219.1
Project("{2150E333-8FDC-42A3-9474-1A3956D46DE8}") = "Task0", "Task0", "{02EA681E-C7D8-13C7-8484-4AC65E1B71E8}"
EndProject
Project("{FAE04EC0-301F-11D3-BF4B-00C04F79EFBC}") = "Tyuiu.ChetvertnyhAI.Sprint3.Task0.V6", "Tyuiu.ChetvertnyhAI.Sprint3.Task0.V6\Tyuiu.ChetvertnyhAI.Sprint3.Task0.V6.csproj", "{6DDC874B-8DFF-4953-9B0F-F9F8CA5B91DA}"
EndProject
Project("{FAE04EC0-301F-11D3-BF4B-00C04F79EFBC}") = "Tyuiu.ChetvertnyhAI.Sprint3.Task0.V6.Lib", "Tyuiu.ChetvertnyhAI.Sprint3.Task0.V6.Lib\Tyuiu.ChetvertnyhAI.Sprint3.Task0.V6.Lib.csproj", "{867A4D15-F09A-4979-BC14-5FCE7EE42D94}"
EndProject
Project("{FAE04EC0-301F-11D3-BF4B-00C04F79EFBC}") = "Tyuiu.ChetvertnyhAI.Sprint3.Task0.V6.Test", "Tyuiu.ChetvertnyhAI.Sprint3.Task0.V6.Test\Tyuiu.ChetvertnyhAI.Sprint3.Task0.V6.Test.csproj", "{9AA73467-65B1-4E92-97F1-2090FDC9D2B2}"
EndProject
Project("{2150E333-8FDC-42A3-9474-1A3956D46DE8}") = "Task1", "Task1", "{2D554B85-9270-4E47-8441-52CFAE5DCCB0}"
EndProject
Project("{FAE04EC0-301F-11D3-BF4B-00C04F79EFBC}") = "Tyuiu.ChetvertnyhAI.Sprint3.Task1.V8", "Tyuiu.ChetvertnyhAI.Sprint3.Task1.V8\Tyuiu.ChetvertnyhAI.Sprint3.Task1.V8.csproj", "{3F0ABE36-1315-4A75-B94E-9C10AB655553}"
EndProject
Project("{FAE04EC0-301F-11D3-BF4B-00C04F79EFBC}") = "Tyuiu.ChetvertnyhAI.Sprint3.Task1.V8.Lib", "Tyuiu.ChetvertnyhAI.Sprint3.Task1.V8.Lib\Tyuiu.ChetvertnyhAI.Sprint3.Task1.V8.Lib.csproj", "{25E567E4-89E4-468F-A4DA-CE6DAC162E5D}"
EndProject
Project("{FAE04EC0-301F-11D3-BF4B-00C04F79EFBC}") = "Tyuiu.ChetvertnyhAI.Sprint3.Task1.V8.Test", "Tyuiu.ChetvertnyhAI.Sprint3.Task1.V8.Test\Tyuiu.ChetvertnyhAI.Sprint3.Task1.V8.Test.csproj", "{E1DFC3FB-5A76-440D-A42A-ACC0BC08C933}"
EndProject
Project("{2150E333-8FDC-42A3-9474-1A3956D46DE8}") = "Task2", "Task2", "{D32A396D-66F3-4E35-B40C-39AD38331DA8}"
EndProject
Project("{FAE04EC0-301F-11D3-BF4B-00C04F79EFBC}") = "Tyuiu.ChetvertnyhAI.Sprint3.Task2.V16", "Tyuiu.ChetvertnyhAI.Sprint3.Task2.V16\Tyuiu.ChetvertnyhAI.Sprint3.Task2.V16.csproj", "{9F013FA4-F821-411D-A274-8FC09053B176}"
EndProject
Project("{FAE04EC0-301F-11D3-BF4B-00C04F79EFBC}") = "Tyuiu.ChetvertnyhAI.Sprint3.Task2.V16.Lib", "Tyuiu.ChetvertnyhAI.Sprint3.Task2.V16.Lib\Tyuiu.ChetvertnyhAI.Sprint3.Task2.V16.Lib.csproj", "{4B77CD82-EFDD-486F-BEE8-35D081148821}"
EndProject
Project("{FAE04EC0-301F-11D3-BF4B-00C04F79EFBC}") = "Tyuiu.ChetvertnyhAI.Sprint3.Task2.V16.Test", "Tyuiu.ChetvertnyhAI.Sprint3.Task2.V16.Test\Tyuiu.ChetvertnyhAI.Sprint3.Task2.V16.Test.csproj", "{53F37AEC-C731-4302-B08E-F66E5D24A4AC}"
EndProject
Project("{2150E333-8FDC-42A3-9474-1A3956D46DE8}") = "Task3", "Task3", "{5640CB22-2CF1-4687-8CCC-842E27578195}"
EndProject
Project("{FAE04EC0-301F-11D3-BF4B-00C04F79EFBC}") = "Tyuiu.ChetvertnyhAI.Sprint3.Task3.V10", "Tyuiu.ChetvertnyhAI.Sprint3.Task3.V10\Tyuiu.ChetvertnyhAI.Sprint3.Task3.V10.csproj", "{91901C18-A551-47D0-8167-A319DA881282}"
EndProject
Project("{FAE04EC0-301F-11D3-BF4B-00C04F79EFBC}") = "Tyuiu.ChetvertnyhAI.Sprint3.Task3.V10.Lib", "Tyuiu.ChetvertnyhAI.Sprint3.Task3.V10.Lib\Tyuiu.ChetvertnyhAI.Sprint3.Task3.V10.Lib.csproj", "{0944A354-79F2-4EC6-BB13-472D5638BD4A}"
EndProject
Project("{FAE04EC0-301F-11D3-BF4B-00C04F79EFBC}") = "Tyuiu.ChetvertnyhAI.Sprint3.Task3.V10.Test", "Tyuiu.ChetvertnyhAI.Sprint3.Task3.V10.Test\Tyuiu.ChetvertnyhAI.Sprint3.Task3.V10.Test.csproj", "{C92B6B22-0CA9-4617-802A-968AD266F0B2}"
EndProject
Project("{2150E333-8FDC-42A3-9474-1A3956D46DE8}") = "Task4", "Task4", "{890EFB76-463B-4967-BADC-4FB6907B7001}"
EndProject
Project("{FAE04EC0-301F-11D3-BF4B-00C04F79EFBC}") = "Tyuiu.ChetvertnyhAI.Sprint3.Task4.V25", "Tyuiu.ChetvertnyhAI.Sprint3.Task4.V25\Tyuiu.ChetvertnyhAI.Sprint3.Task4.V25.csproj", "{470AEE65-C761-47FC-9CCC-164888E881FE}"
EndProject
Project("{FAE04EC0-301F-11D3-BF4B-00C04F79EFBC}") = "Tyuiu.ChetvertnyhAI.Sprint3.Task4.V25.Lib", "Tyuiu.ChetvertnyhAI.Sprint3.Task4.V25.Lib\Tyuiu.ChetvertnyhAI.Sprint3.Task4.V25.Lib.csproj", "{B4B525ED-7911-4CEC-B917-3DE3AFF5BDDC}"
EndProject
Project("{FAE04EC0-301F-11D3-BF4B-00C04F79EFBC}") = "Tyuiu.ChetvertnyhAI.Sprint3.Task4.V25.Test", "Tyuiu.ChetvertnyhAI.Sprint3.Task4.V25.Test\Tyuiu.ChetvertnyhAI.Sprint3.Task4.V25.Test.csproj", "{9003FE94-28A3-4533-B86C-D7C60CCB93C7}"
EndProject
Global
	GlobalSection(SolutionConfigurationPlatforms) = preSolution
		Debug|Any CPU = Debug|Any CPU
		Release|Any CPU = Release|Any CPU
	EndGlobalSection
	GlobalSection(ProjectConfigurationPlatforms) = postSolution
		{6DDC874B-8DFF-4953-9B0F-F9F8CA5B91DA}.Debug|Any CPU.ActiveCfg = Debug|Any CPU
		{6DDC874B-8DFF-4953-9B0F-F9F8CA5B91DA}.Debug|Any CPU.Build.0 = Debug|Any CPU
		{6DDC874B-8DFF-4953-9B0F-F9F8CA5B91DA}.Release|Any CPU.ActiveCfg = Release|Any CPU
		{6DDC874B-8DFF-4953-9B0F-F9F8CA5B91DA}.Release|Any CPU.Build.0 = Release|Any CPU
		{867A4D15-F09A-4979-BC14-5FCE7EE42D94}.Debug|Any CPU.ActiveCfg = Debug|Any CPU
		{867A4D15-F09A-4979-BC14-5FCE7EE42D94}.Debug|Any CPU.Build.0 = Debug|Any CPU
		{867A4D15-F09A-4979-BC14-5FCE7EE42D94}.Release|Any CPU.ActiveCfg = Release|Any CPU
		{867A4D15-F09A-4979-BC14-5FCE7EE42D94}.Release|Any CPU.Build.0 = Release|Any CPU
		{9AA73467-65B1-4E92-97F1-2090FDC9D2B2}.Debug|Any CPU.ActiveCfg = Debug|Any CPU
		{9AA73467-65B1-4E92-97F1-2090FDC9D2B2}.Debug|Any CPU.Build.0 = Debug|Any CPU
		{9AA73467-65B1-4E92-97F1-2090FDC9D2B2}.Release|Any CPU.ActiveCfg = Release|Any CPU
		{9AA73467-65B1-4E92-97F1-2090FDC9D2B2}.Release|Any CPU.Build.0 = Release|Any CPU
		{3F0ABE36-1315-4A75-B94E-9C10AB655553}.Debug|Any CPU.ActiveCfg = Debug|Any CPU
		{3F0ABE36-1315-4A75-B94E-9C10AB655553}.Debug|Any CPU.Build.0 = Debug|Any CPU
		{3F0ABE36-1315-4A75-B94E-9C10AB655553}.Release|Any CPU.ActiveCfg = Release|Any CPU
		{3F0ABE36-1315-4A75-B94E-9C10AB655553}.Release|Any CPU.Build.0 = Release|Any CPU
		{25E567E4-89E4-468F-A4DA-CE6DAC162E5D}.Debug|Any CPU.ActiveCfg = Debug|Any CPU
		{25E567E4-89E4-468F-A4DA-CE6DAC162E5D}.Debug|Any CPU.Build.0 = Debug|Any CPU
		{25E567E4-89E4-468F-A4DA-CE6DAC162E5D}.Release|Any CPU.ActiveCfg = Release|Any CPU
		{25E567E4-89E4-468F-A4DA-CE6DAC162E5D}.Release|Any CPU.Build.0 = Release|Any CPU
		{E1DFC3FB-5A76-440D-A42A-ACC0BC08C933}.Debug|Any CPU.ActiveCfg = Debug|Any CPU
		{E1DFC3FB-5A76-440D-A42A-ACC0BC08C933}.Debug|Any CPU.Build.0 = Debug|Any CPU
		{E1DFC3FB-5A76-440D-A42A-ACC0BC08C933}.Release|Any CPU.ActiveCfg = Release|Any CPU
		{E1DFC3FB-5A76-440D-A42A-ACC0BC08C933}.Release|Any CPU.Build.0 = Release|Any CPU
		{9F013FA4-F821-411D-A274-8FC09053B176}.Debug|Any CPU.ActiveCfg = Debug|Any CPU
		{9F013FA4-F821-411D-A274-8FC09053B176}.Debug|Any CPU.Build.0 = Debug|Any CPU
		{9F013FA4-F821-411D-A274-8FC09053B176}.Release|Any CPU.ActiveCfg = Release|Any CPU
		{9F013FA4-F821-411D-A274-8FC09053B176}.Release|Any CPU.Build.0 = Release|Any CPU
		{4B77CD82-EFDD-486F-BEE8-35D081148821}.Debug|Any CPU.ActiveCfg = Debug|Any CPU
		{4B77CD82-EFDD-486F-BEE8-35D081148821}.Debug|Any CPU.Build.0 = Debug|Any CPU
		{4B77CD82-EFDD-486F-BEE8-35D081148821}.Release|Any CPU.ActiveCfg = Release|Any CPU
		{4B77CD82-EFDD-486F-BEE8-35D081148821}.Release|Any CPU.Build.0 = Release|Any CPU
		{53F37AEC-C731-4302-B08E-F66E5D24A4AC}.Debug|Any CPU.ActiveCfg = Debug|Any CPU
		{53F37AEC-C731-4302-B08E-F66E5D24A4AC}.Debug|Any CPU.Build.0 = Debug|Any CPU
		{53F37AEC-C731-4302-B08E-F66E5D24A4AC}.Release|Any CPU.ActiveCfg = Release|Any CPU
		{53F37AEC-C731-4302-B08E-F66E5D24A4AC}.Release|Any CPU.Build.0 = Release|Any CPU
		{91901C18-A551-47D0-8167-A319DA881282}.Debug|Any CPU.ActiveCfg = Debug|Any CPU
		{91901C18-A551-47D0-8167-A319DA881282}.Debug|Any CPU.Build.0 = Debug|Any CPU
		{91901C18-A551-47D0-8167-A319DA881282}.Release|Any CPU.ActiveCfg = Release|Any CPU
		{91901C18-A551-47D0-8167-A319DA881282}.Release|Any CPU.Build.0 = Release|Any CPU
		{0944A354-79F2-4EC6-BB13-472D5638BD4A}.Debug|Any CPU.ActiveCfg = Debug|Any CPU
		{0944A354-79F2-4EC6-BB13-472D5638BD4A}.Debug|Any CPU.Build.0 = Debug|Any CPU
		{0944A354-79F2-4EC6-BB13-472D5638BD4A}.Release|Any CPU.ActiveCfg = Release|Any CPU
		{0944A354-79F2-4EC6-BB13-472D5638BD4A}.Release|Any CPU.Build.0 = Release|Any CPU
		{C92B6B22-0CA9-4617-802A-968AD266F0B2}.Debug|Any CPU.ActiveCfg = Debug|Any CPU
		{C92B6B22-0CA9-4617-802A-968AD266F0B2}.Debug|Any CPU.Build.0 = Debug|Any CPU
		{C92B6B22-0CA9-4617-802A-968AD266F0B2}.Release|Any CPU.ActiveCfg = Release|Any CPU
		{C92B6B22-0CA9-4617-802A-968AD266F0B2}.Release|Any CPU.Build.0 = Release|Any CPU
		{470AEE65-C761-47FC-9CCC-164888E881FE}.Debug|Any CPU.ActiveCfg = Debug|Any CPU
		{470AEE65-C761-47FC-9CCC-164888E881FE}.Debug|Any CPU.Build.0 = Debug|Any CPU
		{470AEE65-C761-47FC-9CCC-164888E881FE}.Release|Any CPU.ActiveCfg = Release|Any CPU
		{470AEE65-C761-47FC-9CCC-164888E881FE}.Release|Any CPU.Build.0 = Release|Any CPU
		{B4B525ED-7911-4CEC-B917-3DE3AFF5BDDC}.Debug|Any CPU.ActiveCfg = Debug|Any CPU
		{B4B525ED-7911-4CEC-B917-3DE3AFF5BDDC}.Debug|Any CPU.Build.0 = Debug|Any CPU
		{B4B525ED-7911-4CEC-B917-3DE3AFF5BDDC}.Release|Any CPU.ActiveCfg = Release|Any CPU
		{B4B525ED-7911-4CEC-B917-3DE3AFF5BDDC}.Release|Any CPU.Build.0 = Release|Any CPU
		{9003FE94-28A3-4533-B86C-D7C60CCB93C7}.Debug|Any CPU.ActiveCfg = Debug|Any CPU
		{9003FE94-28A3-4533-B86C-D7C60CCB93C7}.Debug|Any CPU.Build.0 = Debug|Any CPU
		{9003FE94-28A3-4533-B86C-D7C60CCB93C7}.Release|Any CPU.ActiveCfg = Release|Any CPU
		{9003FE94-28A3-4533-B86C-D7C60CCB93C7}.Release|Any CPU.Build.0 = Release|Any CPU
	EndGlobalSection
	GlobalSection(SolutionProperties) = preSolution
		HideSolutionNode = FALSE
	EndGlobalSection
	GlobalSection(NestedProjects) = preSolution
		{6DDC874B-8DFF-4953-9B0F-F9F8CA5B91DA} = {02EA681E-C7D8-13C7-8484-4AC65E1B71E8}
		{867A4D15-F09A-4979-BC14-5FCE7EE42D94} = {02EA681E-C7D8-13C7-8484-4AC65E1B71E8}
		{9AA73467-65B1-4E92-97F1-2090FDC9D2B2} = {02EA681E-C7D8-13C7-8484-4AC65E1B71E8}
		{3F0ABE36-1315-4A75-B94E-9C10AB655553} = {2D554B85-9270-4E47-8441-52CFAE5DCCB0}
		{25E567E4-89E4-468F-A4DA-CE6DAC162E5D} = {2D554B85-9270-4E47-8441-52CFAE5DCCB0}
		{E1DFC3FB-5A76-440D-A42A-ACC0BC08C933} = {2D554B85-9270-4E47-8441-52CFAE5DCCB0}
		{9F013FA4-F821-411D-A274-8FC09053B176} = {D32A396D-66F3-4E35-B40C-39AD38331DA8}
		{4B77CD82-EFDD-486F-BEE8-35D081148821} = {D32A396D-66F3-4E35-B40C-39AD38331DA8}
		{53F37AEC-C731-4302-B08E-F66E5D24A4AC} = {D32A396D-66F3-4E35-B40C-39AD38331DA8}
		{91901C18-A551-47D0-8167-A319DA881282} = {5640CB22-2CF1-4687-8CCC-842E27578195}
		{0944A354-79F2-4EC6-BB13-472D5638BD4A} = {5640CB22-2CF1-4687-8CCC-842E27578195}
		{C92B6B22-0CA9-4617-802A-968AD266F0B2} = {5640CB22-2CF1-4687-8CCC-842E27578195}
		{470AEE65-C761-47FC-9CCC-164888E881FE} = {890EFB76-463B-4967-BADC-4FB6907B7001}
		{B4B525ED-7911-4CEC-B917-3DE3AFF5BDDC} = {890EFB76-463B-4967-BADC-4FB6907B7001}
		{9003FE94-28A3-4533-B86C-D7C60CCB93C7} = {890EFB76-463B-4967-BADC-4FB6907B7001}
	EndGlobalSection
	GlobalSection(ExtensibilityGlobals) = postSolution
		SolutionGuid = {5D07406B-2DE9-4C87-9500-3750118C210A}
	EndGlobalSection
EndGlobal
